// !$*UTF8*$!
{
	archiveVersion = 1;
	classes = {
	};
	objectVersion = 46;
	objects = {

/* Begin PBXBuildFile section */
		653E900F1B049A160054FC95 /* main.cpp in Sources */ = {isa = PBXBuildFile; fileRef = 653E900E1B049A160054FC95 /* main.cpp */; };
		653E90171B049A3B0054FC95 /* LibraryReader.cpp in Sources */ = {isa = PBXBuildFile; fileRef = 653E90151B049A3B0054FC95 /* LibraryReader.cpp */; };
		653E901B1B04AB750054FC95 /* WordProvider.cpp in Sources */ = {isa = PBXBuildFile; fileRef = 653E90191B04AB750054FC95 /* WordProvider.cpp */; };
		653E901E1B04E06B0054FC95 /* NameGenerator.cpp in Sources */ = {isa = PBXBuildFile; fileRef = 653E901C1B04E06B0054FC95 /* NameGenerator.cpp */; };
/* End PBXBuildFile section */

/* Begin PBXCopyFilesBuildPhase section */
		653E90091B049A160054FC95 /* CopyFiles */ = {
			isa = PBXCopyFilesBuildPhase;
			buildActionMask = 2147483647;
			dstPath = /usr/share/man/man1/;
			dstSubfolderSpec = 0;
			files = (
			);
			runOnlyForDeploymentPostprocessing = 1;
		};
/* End PBXCopyFilesBuildPhase section */

/* Begin PBXFileReference section */
		653E900B1B049A160054FC95 /* ProjectNameGen */ = {isa = PBXFileReference; explicitFileType = "compiled.mach-o.executable"; includeInIndex = 0; path = ProjectNameGen; sourceTree = BUILT_PRODUCTS_DIR; };
		653E900E1B049A160054FC95 /* main.cpp */ = {isa = PBXFileReference; lastKnownFileType = sourcecode.cpp.cpp; path = main.cpp; sourceTree = "<group>"; };
		653E90151B049A3B0054FC95 /* LibraryReader.cpp */ = {isa = PBXFileReference; fileEncoding = 4; lastKnownFileType = sourcecode.cpp.cpp; path = LibraryReader.cpp; sourceTree = "<group>"; };
		653E90161B049A3B0054FC95 /* LibraryReader.h */ = {isa = PBXFileReference; fileEncoding = 4; lastKnownFileType = sourcecode.c.h; path = LibraryReader.h; sourceTree = "<group>"; };
		653E90181B049A6B0054FC95 /* nouns.txt */ = {isa = PBXFileReference; fileEncoding = 4; lastKnownFileType = text; path = nouns.txt; sourceTree = "<group>"; };
		653E90191B04AB750054FC95 /* WordProvider.cpp */ = {isa = PBXFileReference; fileEncoding = 4; lastKnownFileType = sourcecode.cpp.cpp; path = WordProvider.cpp; sourceTree = "<group>"; };
		653E901A1B04AB750054FC95 /* WordProvider.h */ = {isa = PBXFileReference; fileEncoding = 4; lastKnownFileType = sourcecode.c.h; path = WordProvider.h; sourceTree = "<group>"; };
		653E901C1B04E06B0054FC95 /* NameGenerator.cpp */ = {isa = PBXFileReference; fileEncoding = 4; lastKnownFileType = sourcecode.cpp.cpp; path = NameGenerator.cpp; sourceTree = "<group>"; };
		653E901D1B04E06B0054FC95 /* NameGenerator.h */ = {isa = PBXFileReference; fileEncoding = 4; lastKnownFileType = sourcecode.c.h; path = NameGenerator.h; sourceTree = "<group>"; };
		653E901F1B04F0FD0054FC95 /* WordList.h */ = {isa = PBXFileReference; lastKnownFileType = sourcecode.c.h; path = WordList.h; sourceTree = "<group>"; };
/* End PBXFileReference section */

/* Begin PBXFrameworksBuildPhase section */
		653E90081B049A160054FC95 /* Frameworks */ = {
			isa = PBXFrameworksBuildPhase;
			buildActionMask = 2147483647;
			files = (
			);
			runOnlyForDeploymentPostprocessing = 0;
		};
/* End PBXFrameworksBuildPhase section */

/* Begin PBXGroup section */
		653E90021B049A160054FC95 = {
			isa = PBXGroup;
			children = (
				653E900D1B049A160054FC95 /* ProjectNameGen */,
				653E900C1B049A160054FC95 /* Products */,
			);
			sourceTree = "<group>";
		};
		653E900C1B049A160054FC95 /* Products */ = {
			isa = PBXGroup;
			children = (
				653E900B1B049A160054FC95 /* ProjectNameGen */,
			);
			name = Products;
			sourceTree = "<group>";
		};
		653E900D1B049A160054FC95 /* ProjectNameGen */ = {
			isa = PBXGroup;
			children = (
				653E900E1B049A160054FC95 /* main.cpp */,
				653E901C1B04E06B0054FC95 /* NameGenerator.cpp */,
				653E901D1B04E06B0054FC95 /* NameGenerator.h */,
				653E90191B04AB750054FC95 /* WordProvider.cpp */,
				653E901F1B04F0FD0054FC95 /* WordList.h */,
				653E901A1B04AB750054FC95 /* WordProvider.h */,
				653E90151B049A3B0054FC95 /* LibraryReader.cpp */,
				653E90161B049A3B0054FC95 /* LibraryReader.h */,
				653E90181B049A6B0054FC95 /* nouns.txt */,
			);
			path = ProjectNameGen;
			sourceTree = "<group>";
		};
/* End PBXGroup section */

/* Begin PBXNativeTarget section */
		653E900A1B049A160054FC95 /* ProjectNameGen */ = {
			isa = PBXNativeTarget;
			buildConfigurationList = 653E90121B049A160054FC95 /* Build configuration list for PBXNativeTarget "ProjectNameGen" */;
			buildPhases = (
				653E90071B049A160054FC95 /* Sources */,
				653E90081B049A160054FC95 /* Frameworks */,
				653E90091B049A160054FC95 /* CopyFiles */,
			);
			buildRules = (
			);
			dependencies = (
			);
			name = ProjectNameGen;
			productName = ProjectNameGen;
			productReference = 653E900B1B049A160054FC95 /* ProjectNameGen */;
			productType = "com.apple.product-type.tool";
		};
/* End PBXNativeTarget section */

/* Begin PBXProject section */
		653E90031B049A160054FC95 /* Project object */ = {
			isa = PBXProject;
			attributes = {
				LastUpgradeCheck = 0610;
				ORGANIZATIONNAME = cundd;
				TargetAttributes = {
					653E900A1B049A160054FC95 = {
						CreatedOnToolsVersion = 6.1.1;
					};
				};
			};
			buildConfigurationList = 653E90061B049A160054FC95 /* Build configuration list for PBXProject "ProjectNameGen" */;
			compatibilityVersion = "Xcode 3.2";
			developmentRegion = English;
			hasScannedForEncodings = 0;
			knownRegions = (
				en,
			);
			mainGroup = 653E90021B049A160054FC95;
			productRefGroup = 653E900C1B049A160054FC95 /* Products */;
			projectDirPath = "";
			projectRoot = "";
			targets = (
				653E900A1B049A160054FC95 /* ProjectNameGen */,
			);
		};
/* End PBXProject section */

/* Begin PBXSourcesBuildPhase section */
		653E90071B049A160054FC95 /* Sources */ = {
			isa = PBXSourcesBuildPhase;
			buildActionMask = 2147483647;
			files = (
				653E90171B049A3B0054FC95 /* LibraryReader.cpp in Sources */,
				653E901B1B04AB750054FC95 /* WordProvider.cpp in Sources */,
				653E901E1B04E06B0054FC95 /* NameGenerator.cpp in Sources */,
				653E900F1B049A160054FC95 /* main.cpp in Sources */,
			);
			runOnlyForDeploymentPostprocessing = 0;
		};
/* End PBXSourcesBuildPhase section */

/* Begin XCBuildConfiguration section */
		653E90101B049A160054FC95 /* Debug */ = {
			isa = XCBuildConfiguration;
			buildSettings = {
				ALWAYS_SEARCH_USER_PATHS = NO;
				CLANG_CXX_LANGUAGE_STANDARD = "gnu++0x";
				CLANG_CXX_LIBRARY = "libc++";
				CLANG_ENABLE_MODULES = YES;
				CLANG_ENABLE_OBJC_ARC = YES;
				CLANG_WARN_BOOL_CONVERSION = YES;
				CLANG_WARN_CONSTANT_CONVERSION = YES;
				CLANG_WARN_DIRECT_OBJC_ISA_USAGE = YES_ERROR;
				CLANG_WARN_EMPTY_BODY = YES;
				CLANG_WARN_ENUM_CONVERSION = YES;
				CLANG_WARN_INT_CONVERSION = YES;
				CLANG_WARN_OBJC_ROOT_CLASS = YES_ERROR;
				CLANG_WARN_UNREACHABLE_CODE = YES;
				CLANG_WARN__DUPLICATE_METHOD_MATCH = YES;
				COPY_PHASE_STRIP = NO;
				ENABLE_STRICT_OBJC_MSGSEND = YES;
				GCC_C_LANGUAGE_STANDARD = gnu99;
				GCC_DYNAMIC_NO_PIC = NO;
				GCC_OPTIMIZATION_LEVEL = 0;
				GCC_PREPROCESSOR_DEFINITIONS = (
					"DEBUG=1",
					"$(inherited)",
				);
				GCC_SYMBOLS_PRIVATE_EXTERN = NO;
				GCC_WARN_64_TO_32_BIT_CONVERSION = YES;
				GCC_WARN_ABOUT_RETURN_TYPE = YES_ERROR;
				GCC_WARN_UNDECLARED_SELECTOR = YES;
				GCC_WARN_UNINITIALIZED_AUTOS = YES_AGGRESSIVE;
				GCC_WARN_UNUSED_FUNCTION = YES;
				GCC_WARN_UNUSED_VARIABLE = YES;
				MACOSX_DEPLOYMENT_TARGET = 10.10;
				MTL_ENABLE_DEBUG_INFO = YES;
				ONLY_ACTIVE_ARCH = YES;
				SDKROOT = macosx;
			};
			name = Debug;
		};
		653E90111B049A160054FC95 /* Release */ = {
			isa = XCBuildConfiguration;
			buildSettings = {
				ALWAYS_SEARCH_USER_PATHS = NO;
				CLANG_CXX_LANGUAGE_STANDARD = "gnu++0x";
				CLANG_CXX_LIBRARY = "libc++";
				CLANG_ENABLE_MODULES = YES;
				CLANG_ENABLE_OBJC_ARC = YES;
				CLANG_WARN_BOOL_CONVERSION = YES;
				CLANG_WARN_CONSTANT_CONVERSION = YES;
				CLANG_WARN_DIRECT_OBJC_ISA_USAGE = YES_ERROR;
				CLANG_WARN_EMPTY_BODY = YES;
				CLANG_WARN_ENUM_CONVERSION = YES;
				CLANG_WARN_INT_CONVERSION = YES;
				CLANG_WARN_OBJC_ROOT_CLASS = YES_ERROR;
				CLANG_WARN_UNREACHABLE_CODE = YES;
				CLANG_WARN__DUPLICATE_METHOD_MATCH = YES;
				COPY_PHASE_STRIP = YES;
				DEBUG_INFORMATION_FORMAT = "dwarf-with-dsym";
				ENABLE_NS_ASSERTIONS = NO;
				ENABLE_STRICT_OBJC_MSGSEND = YES;
				GCC_C_LANGUAGE_STANDARD = gnu99;
				GCC_WARN_64_TO_32_BIT_CONVERSION = YES;
				GCC_WARN_ABOUT_RETURN_TYPE = YES_ERROR;
				GCC_WARN_UNDECLARED_SELECTOR = YES;
				GCC_WARN_UNINITIALIZED_AUTOS = YES_AGGRESSIVE;
				GCC_WARN_UNUSED_FUNCTION = YES;
				GCC_WARN_UNUSED_VARIABLE = YES;
				MACOSX_DEPLOYMENT_TARGET = 10.10;
				MTL_ENABLE_DEBUG_INFO = NO;
				SDKROOT = macosx;
			};
			name = Release;
		};
		653E90131B049A160054FC95 /* Debug */ = {
			isa = XCBuildConfiguration;
			buildSettings = {
				PRODUCT_NAME = "$(TARGET_NAME)";
			};
			name = Debug;
		};
		653E90141B049A160054FC95 /* Release */ = {
			isa = XCBuildConfiguration;
			buildSettings = {
				PRODUCT_NAME = "$(TARGET_NAME)";
			};
			name = Release;
		};
/* End XCBuildConfiguration section */

/* Begin XCConfigurationList section */
		653E90061B049A160054FC95 /* Build configuration list for PBXProject "ProjectNameGen" */ = {
			isa = XCConfigurationList;
			buildConfigurations = (
				653E90101B049A160054FC95 /* Debug */,
				653E90111B049A160054FC95 /* Release */,
			);
			defaultConfigurationIsVisible = 0;
			defaultConfigurationName = Release;
		};
		653E90121B049A160054FC95 /* Build configuration list for PBXNativeTarget "ProjectNameGen" */ = {
			isa = XCConfigurationList;
			buildConfigurations = (
				653E90131B049A160054FC95 /* Debug */,
				653E90141B049A160054FC95 /* Release */,
			);
			defaultConfigurationIsVisible = 0;
		};
/* End XCConfigurationList section */
	};
	rootObject = 653E90031B049A160054FC95 /* Project object */;
}
